
Microsoft Visual Studio Solution File, Format Version 12.00
# Visual Studio Version 16
VisualStudioVersion = 16.0.31424.327
MinimumVisualStudioVersion = 10.0.40219.1
Project("{9A19103F-16F7-4668-BE54-9A1E7A4F7556}") = "ParseXmlSerializeXslCompiledTransform", "ParseXmlSerializeXslCompiledTransform\ParseXmlSerializeXslCompiledTransform.csproj", "{83863AD9-C1FC-4DCE-9A71-7411DCC3A112}"
EndProject
Project("{FAE04EC0-301F-11D3-BF4B-00C04F79EFBC}") = "ParseXmlSerializeExamples", "ParseXmlSerializeExamples\ParseXmlSerializeExamples.csproj", "{17B661DF-3885-43DA-BF01-53A7833F14BB}"
EndProject
Global
	GlobalSection(SolutionConfigurationPlatforms) = preSolution
		Debug|Any CPU = Debug|Any CPU
		Release|Any CPU = Release|Any CPU
	EndGlobalSection
	GlobalSection(ProjectConfigurationPlatforms) = postSolution
		{83863AD9-C1FC-4DCE-9A71-7411DCC3A112}.Debug|Any CPU.ActiveCfg = Debug|Any CPU
		{83863AD9-C1FC-4DCE-9A71-7411DCC3A112}.Debug|Any CPU.Build.0 = Debug|Any CPU
		{83863AD9-C1FC-4DCE-9A71-7411DCC3A112}.Release|Any CPU.ActiveCfg = Release|Any CPU
		{83863AD9-C1FC-4DCE-9A71-7411DCC3A112}.Release|Any CPU.Build.0 = Release|Any CPU
		{17B661DF-3885-43DA-BF01-53A7833F14BB}.Debug|Any CPU.ActiveCfg = Debug|Any CPU
		{17B661DF-3885-43DA-BF01-53A7833F14BB}.Debug|Any CPU.Build.0 = Debug|Any CPU
		{17B661DF-3885-43DA-BF01-53A7833F14BB}.Release|Any CPU.ActiveCfg = Release|Any CPU
		{17B661DF-3885-43DA-BF01-53A7833F14BB}.Release|Any CPU.Build.0 = Release|Any CPU
	EndGlobalSection
	GlobalSection(SolutionProperties) = preSolution
		HideSolutionNode = FALSE
	EndGlobalSection
	GlobalSection(ExtensibilityGlobals) = postSolution
		SolutionGuid = {E54B4D3A-CD81-49C3-A201-64BFBD0FF6EC}
	EndGlobalSection
EndGlobal
